// !$*UTF8*$!
{
	archiveVersion = 1;
	classes = {
	};
	objectVersion = 56;
	objects = {

/* Begin PBXBuildFile section */
		160ED7982B4B74C5002AD987 /* 🧑HeadTrackingSystem.swift in Sources */ = {isa = PBXBuildFile; fileRef = 160ED7972B4B74C5002AD987 /* 🧑HeadTrackingSystem.swift */; };
		16159B8A2BB7D82C00106FD6 /* 🪧ResultFormatter.swift in Sources */ = {isa = PBXBuildFile; fileRef = 16159B892BB7D82C00106FD6 /* 🪧ResultFormatter.swift */; };
		16159B8C2BB7E31C00106FD6 /* 📢Sounds.swift in Sources */ = {isa = PBXBuildFile; fileRef = 16159B8B2BB7E31B00106FD6 /* 📢Sounds.swift */; };
		16253CFB2B4E2FCB0028F0E2 /* 📐Unit.swift in Sources */ = {isa = PBXBuildFile; fileRef = 16253CFA2B4E2FCB0028F0E2 /* 📐Unit.swift */; };
		16267B502B57D172000CA8AD /* Localizable.xcstrings in Resources */ = {isa = PBXBuildFile; fileRef = 16267B4F2B57D172000CA8AD /* Localizable.xcstrings */; };
		16267B522B57D362000CA8AD /* InfoPlist.xcstrings in Resources */ = {isa = PBXBuildFile; fileRef = 16267B512B57D362000CA8AD /* InfoPlist.xcstrings */; };
		16359E262B91D6AC004CC792 /* 🧑HeadTrackingComponent.swift in Sources */ = {isa = PBXBuildFile; fileRef = 16359E252B91D6AC004CC792 /* 🧑HeadTrackingComponent.swift */; };
		16359E272B91D7E1004CC792 /* 🧑HeadTrackingComponent.swift in CopyFiles */ = {isa = PBXBuildFile; fileRef = 16359E252B91D6AC004CC792 /* 🧑HeadTrackingComponent.swift */; };
		1642FAB52B4D54A60084F9ED /* 🛠️OptionTab.swift in Sources */ = {isa = PBXBuildFile; fileRef = 1642FAB42B4D54A60084F9ED /* 🛠️OptionTab.swift */; };
		1642FAB92B4D6CAA0084F9ED /* 📏MeasureView.swift in Sources */ = {isa = PBXBuildFile; fileRef = 1642FAB82B4D6CAA0084F9ED /* 📏MeasureView.swift */; };
		164435782BBC0B91004E9199 /* 🥽AppModel.swift in CopyFiles */ = {isa = PBXBuildFile; fileRef = 16C4C6A42BB78A06004DB77E /* 🥽AppModel.swift */; };
		164435792BBC0B91004E9199 /* 🛠️OnboardView.swift in CopyFiles */ = {isa = PBXBuildFile; fileRef = 16B1E7012BB560A5005972CF /* 🛠️OnboardView.swift */; };
		1644357A2BBC0B91004E9199 /* 🛠️LogView.swift in CopyFiles */ = {isa = PBXBuildFile; fileRef = 16B1E6FF2BB5600D005972CF /* 🛠️LogView.swift */; };
		1644357B2BBC0B91004E9199 /* 🛠️AboutTab.swift in CopyFiles */ = {isa = PBXBuildFile; fileRef = 16C4C6A82BB7AF0B004DB77E /* 🛠️AboutTab.swift */; };
		1644357C2BBC0B91004E9199 /* 🪧ResultFormatter.swift in CopyFiles */ = {isa = PBXBuildFile; fileRef = 16159B892BB7D82C00106FD6 /* 🪧ResultFormatter.swift */; };
		1644357D2BBC0B91004E9199 /* 🔵Selection.swift in CopyFiles */ = {isa = PBXBuildFile; fileRef = 169F10442BB976C300BAF363 /* 🔵Selection.swift */; };
		1644357E2BBC0B91004E9199 /* 📢Sounds.swift in CopyFiles */ = {isa = PBXBuildFile; fileRef = 16159B8B2BB7E31B00106FD6 /* 📢Sounds.swift */; };
		1644357F2BBC0B91004E9199 /* 💾Log.swift in CopyFiles */ = {isa = PBXBuildFile; fileRef = 16B1E6FD2BB5302A005972CF /* 💾Log.swift */; };
		164435802BBC0B91004E9199 /* 💾Logs.swift in CopyFiles */ = {isa = PBXBuildFile; fileRef = 16C4C6A62BB79F9C004DB77E /* 💾Logs.swift */; };
		164C78032B5746AD008FF872 /* 🧩Entity.swift in Sources */ = {isa = PBXBuildFile; fileRef = 164C78022B5746AD008FF872 /* 🧩Entity.swift */; };
		16552D1F2BCFA3AE006C5B97 /* 🪧FixedResultComponent.swift in Sources */ = {isa = PBXBuildFile; fileRef = 16552D1E2BCFA3AE006C5B97 /* 🪧FixedResultComponent.swift */; };
		165ADB4F2B4B71B0008A756F /* App.swift in Sources */ = {isa = PBXBuildFile; fileRef = 165ADB4E2B4B71B0008A756F /* App.swift */; };
		165ADB512B4B71B0008A756F /* ContentView.swift in Sources */ = {isa = PBXBuildFile; fileRef = 165ADB502B4B71B0008A756F /* ContentView.swift */; };
		165ADB532B4B71B2008A756F /* Assets.xcassets in Resources */ = {isa = PBXBuildFile; fileRef = 165ADB522B4B71B2008A756F /* Assets.xcassets */; };
		166F7E442B7DBBE5005F70D5 /* 🌐AboutApp.xcstrings in Resources */ = {isa = PBXBuildFile; fileRef = 166F7E422B7DBBE4005F70D5 /* 🌐AboutApp.xcstrings */; };
		166F7E452B7DBBE5005F70D5 /* 🌐Timeline.xcstrings in Resources */ = {isa = PBXBuildFile; fileRef = 166F7E432B7DBBE5005F70D5 /* 🌐Timeline.xcstrings */; };
		166F7E492B7DBD08005F70D5 /* 🌐VersionHistory.xcstrings in Resources */ = {isa = PBXBuildFile; fileRef = 166F7E472B7DBD06005F70D5 /* 🌐VersionHistory.xcstrings */; };
		166F7E4A2B7DBD08005F70D5 /* 🌐AppStoreDescription.xcstrings in Resources */ = {isa = PBXBuildFile; fileRef = 166F7E482B7DBD08005F70D5 /* 🌐AppStoreDescription.xcstrings */; };
		166F7E4C2B7DC36C005F70D5 /* App.swift in CopyFiles */ = {isa = PBXBuildFile; fileRef = 165ADB4E2B4B71B0008A756F /* App.swift */; };
		166F7E4D2B7DC36C005F70D5 /* ContentView.swift in CopyFiles */ = {isa = PBXBuildFile; fileRef = 165ADB502B4B71B0008A756F /* ContentView.swift */; };
		166F7E4F2B7DC36C005F70D5 /* 📏MeasureView.swift in CopyFiles */ = {isa = PBXBuildFile; fileRef = 1642FAB82B4D6CAA0084F9ED /* 📏MeasureView.swift */; };
		166F7E502B7DC36C005F70D5 /* 🧩Entity.swift in CopyFiles */ = {isa = PBXBuildFile; fileRef = 164C78022B5746AD008FF872 /* 🧩Entity.swift */; };
		166F7E522B7DC36C005F70D5 /* 🧩Model.swift in CopyFiles */ = {isa = PBXBuildFile; fileRef = 16EE5E9A2B576DB000D354ED /* 🧩Model.swift */; };
		166F7E532B7DC36C005F70D5 /* 🧑HeadTrackingSystem.swift in CopyFiles */ = {isa = PBXBuildFile; fileRef = 160ED7972B4B74C5002AD987 /* 🧑HeadTrackingSystem.swift */; };
		166F7E542B7DC36C005F70D5 /* 📐Unit.swift in CopyFiles */ = {isa = PBXBuildFile; fileRef = 16253CFA2B4E2FCB0028F0E2 /* 📐Unit.swift */; };
		166F7E572B7DC36C005F70D5 /* 🛠️OptionTab.swift in CopyFiles */ = {isa = PBXBuildFile; fileRef = 1642FAB42B4D54A60084F9ED /* 🛠️OptionTab.swift */; };
		166F7E582B7DC36C005F70D5 /* 🛠️GuideTab.swift in CopyFiles */ = {isa = PBXBuildFile; fileRef = 16C95AE62B5E7BFF00CF0FED /* 🛠️GuideTab.swift */; };
		166F7E592B7DC36C005F70D5 /* 🗒️StaticInfo.swift in CopyFiles */ = {isa = PBXBuildFile; fileRef = 16891ED72B7B2F8C00C6F0B3 /* 🗒️StaticInfo.swift */; };
		166F7E5A2B7DC36C005F70D5 /* ℹ️AboutApp.swift in CopyFiles */ = {isa = PBXBuildFile; fileRef = 16891ED82B7B2F8D00C6F0B3 /* ℹ️AboutApp.swift */; };
		167948B72BC67B6C004DFF4B /* 🛠️RequestTab.swift in Sources */ = {isa = PBXBuildFile; fileRef = 167948B62BC67B6B004DFF4B /* 🛠️RequestTab.swift */; };
		167948B82BC67C30004DFF4B /* 🛠️RequestTab.swift in CopyFiles */ = {isa = PBXBuildFile; fileRef = 167948B62BC67B6B004DFF4B /* 🛠️RequestTab.swift */; };
		16891ED92B7B2F8D00C6F0B3 /* 🗒️StaticInfo.swift in Sources */ = {isa = PBXBuildFile; fileRef = 16891ED72B7B2F8C00C6F0B3 /* 🗒️StaticInfo.swift */; };
		16891EDA2B7B2F8D00C6F0B3 /* ℹ️AboutApp.swift in Sources */ = {isa = PBXBuildFile; fileRef = 16891ED82B7B2F8D00C6F0B3 /* ℹ️AboutApp.swift */; };
		16891EDC2B7B2FB800C6F0B3 /* Developer_Publisher.xcassets in Resources */ = {isa = PBXBuildFile; fileRef = 16891EDB2B7B2FB800C6F0B3 /* Developer_Publisher.xcassets */; };
		169F10412BB94C3D00BAF363 /* unselect.m4a in Resources */ = {isa = PBXBuildFile; fileRef = 169F103E2BB94C1900BAF363 /* unselect.m4a */; };
		169F10422BB94C3D00BAF363 /* fix.m4a in Resources */ = {isa = PBXBuildFile; fileRef = 169F103F2BB94C1900BAF363 /* fix.m4a */; };
		169F10432BB94C3D00BAF363 /* select.m4a in Resources */ = {isa = PBXBuildFile; fileRef = 169F103D2BB94C1800BAF363 /* select.m4a */; };
		169F10452BB976C300BAF363 /* 🔵Selection.swift in Sources */ = {isa = PBXBuildFile; fileRef = 169F10442BB976C300BAF363 /* 🔵Selection.swift */; };
		16B0E7D52BD4D8080069B221 /* 🛠️MeasureTab.swift in Sources */ = {isa = PBXBuildFile; fileRef = 16B0E7D42BD4D8070069B221 /* 🛠️MeasureTab.swift */; };
		16B0E7D62BD4D8980069B221 /* 🛠️MeasureTab.swift in CopyFiles */ = {isa = PBXBuildFile; fileRef = 16B0E7D42BD4D8070069B221 /* 🛠️MeasureTab.swift */; };
		16B1E6FE2BB5302A005972CF /* 💾Log.swift in Sources */ = {isa = PBXBuildFile; fileRef = 16B1E6FD2BB5302A005972CF /* 💾Log.swift */; };
		16B1E7002BB5600D005972CF /* 🛠️LogView.swift in Sources */ = {isa = PBXBuildFile; fileRef = 16B1E6FF2BB5600D005972CF /* 🛠️LogView.swift */; };
		16B1E7022BB560A5005972CF /* 🛠️OnboardView.swift in Sources */ = {isa = PBXBuildFile; fileRef = 16B1E7012BB560A5005972CF /* 🛠️OnboardView.swift */; };
		16C4C6A52BB78A06004DB77E /* 🥽AppModel.swift in Sources */ = {isa = PBXBuildFile; fileRef = 16C4C6A42BB78A06004DB77E /* 🥽AppModel.swift */; };
		16C4C6A72BB79F9C004DB77E /* 💾Logs.swift in Sources */ = {isa = PBXBuildFile; fileRef = 16C4C6A62BB79F9C004DB77E /* 💾Logs.swift */; };
		16C4C6A92BB7AF0B004DB77E /* 🛠️AboutTab.swift in Sources */ = {isa = PBXBuildFile; fileRef = 16C4C6A82BB7AF0B004DB77E /* 🛠️AboutTab.swift */; };
		16C95AE72B5E7BFF00CF0FED /* 🛠️GuideTab.swift in Sources */ = {isa = PBXBuildFile; fileRef = 16C95AE62B5E7BFF00CF0FED /* 🛠️GuideTab.swift */; };
		16EE5E9B2B576DB000D354ED /* 🧩Model.swift in Sources */ = {isa = PBXBuildFile; fileRef = 16EE5E9A2B576DB000D354ED /* 🧩Model.swift */; };
/* End PBXBuildFile section */

/* Begin PBXCopyFilesBuildPhase section */
		166F7E4B2B7DC35C005F70D5 /* CopyFiles */ = {
			isa = PBXCopyFilesBuildPhase;
			buildActionMask = 2147483647;
			dstPath = "📁SourceCode";
			dstSubfolderSpec = 7;
			files = (
				16B0E7D62BD4D8980069B221 /* 🛠️MeasureTab.swift in CopyFiles */,
				167948B82BC67C30004DFF4B /* 🛠️RequestTab.swift in CopyFiles */,
				164435782BBC0B91004E9199 /* 🥽AppModel.swift in CopyFiles */,
				164435792BBC0B91004E9199 /* 🛠️OnboardView.swift in CopyFiles */,
				1644357A2BBC0B91004E9199 /* 🛠️LogView.swift in CopyFiles */,
				1644357B2BBC0B91004E9199 /* 🛠️AboutTab.swift in CopyFiles */,
				1644357C2BBC0B91004E9199 /* 🪧ResultFormatter.swift in CopyFiles */,
				1644357D2BBC0B91004E9199 /* 🔵Selection.swift in CopyFiles */,
				1644357E2BBC0B91004E9199 /* 📢Sounds.swift in CopyFiles */,
				1644357F2BBC0B91004E9199 /* 💾Log.swift in CopyFiles */,
				164435802BBC0B91004E9199 /* 💾Logs.swift in CopyFiles */,
				16359E272B91D7E1004CC792 /* 🧑HeadTrackingComponent.swift in CopyFiles */,
				166F7E4C2B7DC36C005F70D5 /* App.swift in CopyFiles */,
				166F7E4D2B7DC36C005F70D5 /* ContentView.swift in CopyFiles */,
				166F7E4F2B7DC36C005F70D5 /* 📏MeasureView.swift in CopyFiles */,
				166F7E502B7DC36C005F70D5 /* 🧩Entity.swift in CopyFiles */,
				166F7E522B7DC36C005F70D5 /* 🧩Model.swift in CopyFiles */,
				166F7E532B7DC36C005F70D5 /* 🧑HeadTrackingSystem.swift in CopyFiles */,
				166F7E542B7DC36C005F70D5 /* 📐Unit.swift in CopyFiles */,
				166F7E572B7DC36C005F70D5 /* 🛠️OptionTab.swift in CopyFiles */,
				166F7E582B7DC36C005F70D5 /* 🛠️GuideTab.swift in CopyFiles */,
				166F7E592B7DC36C005F70D5 /* 🗒️StaticInfo.swift in CopyFiles */,
				166F7E5A2B7DC36C005F70D5 /* ℹ️AboutApp.swift in CopyFiles */,
			);
			runOnlyForDeploymentPostprocessing = 0;
		};
/* End PBXCopyFilesBuildPhase section */

/* Begin PBXFileReference section */
		160ED7972B4B74C5002AD987 /* 🧑HeadTrackingSystem.swift */ = {isa = PBXFileReference; lastKnownFileType = sourcecode.swift; path = "🧑HeadTrackingSystem.swift"; sourceTree = "<group>"; };
		160F46BB2B5A57AF001FE696 /* icon.png */ = {isa = PBXFileReference; lastKnownFileType = image.png; path = icon.png; sourceTree = "<group>"; };
		160F46BC2B5A57D4001FE696 /* appstore_badge.svg */ = {isa = PBXFileReference; lastKnownFileType = text; path = appstore_badge.svg; sourceTree = "<group>"; };
		16159B892BB7D82C00106FD6 /* 🪧ResultFormatter.swift */ = {isa = PBXFileReference; lastKnownFileType = sourcecode.swift; path = "🪧ResultFormatter.swift"; sourceTree = "<group>"; };
		16159B8B2BB7E31B00106FD6 /* 📢Sounds.swift */ = {isa = PBXFileReference; lastKnownFileType = sourcecode.swift; path = "📢Sounds.swift"; sourceTree = "<group>"; };
		16253CFA2B4E2FCB0028F0E2 /* 📐Unit.swift */ = {isa = PBXFileReference; lastKnownFileType = sourcecode.swift; path = "📐Unit.swift"; sourceTree = "<group>"; };
		16267B4F2B57D172000CA8AD /* Localizable.xcstrings */ = {isa = PBXFileReference; lastKnownFileType = text.json.xcstrings; path = Localizable.xcstrings; sourceTree = "<group>"; };
		16267B512B57D362000CA8AD /* InfoPlist.xcstrings */ = {isa = PBXFileReference; lastKnownFileType = text.json.xcstrings; path = InfoPlist.xcstrings; sourceTree = "<group>"; };
		16267B532B57D387000CA8AD /* README.md */ = {isa = PBXFileReference; lastKnownFileType = net.daringfireball.markdown; path = README.md; sourceTree = "<group>"; };
		16359E252B91D6AC004CC792 /* 🧑HeadTrackingComponent.swift */ = {isa = PBXFileReference; lastKnownFileType = sourcecode.swift; path = "🧑HeadTrackingComponent.swift"; sourceTree = "<group>"; };
		1638F80C2B50BC9700E0CAD2 /* DebugView.md */ = {isa = PBXFileReference; lastKnownFileType = net.daringfireball.markdown; path = DebugView.md; sourceTree = "<group>"; };
		1642FAB42B4D54A60084F9ED /* 🛠️OptionTab.swift */ = {isa = PBXFileReference; lastKnownFileType = sourcecode.swift; path = "🛠️OptionTab.swift"; sourceTree = "<group>"; };
		1642FAB82B4D6CAA0084F9ED /* 📏MeasureView.swift */ = {isa = PBXFileReference; lastKnownFileType = sourcecode.swift; path = "📏MeasureView.swift"; sourceTree = "<group>"; };
		164C78022B5746AD008FF872 /* 🧩Entity.swift */ = {isa = PBXFileReference; lastKnownFileType = sourcecode.swift; path = "🧩Entity.swift"; sourceTree = "<group>"; };
		16552D1E2BCFA3AE006C5B97 /* 🪧FixedResultComponent.swift */ = {isa = PBXFileReference; lastKnownFileType = sourcecode.swift; path = "🪧FixedResultComponent.swift"; sourceTree = "<group>"; };
		165ADB472B4B71B0008A756F /* HandsRuler.app */ = {isa = PBXFileReference; explicitFileType = wrapper.application; includeInIndex = 0; path = HandsRuler.app; sourceTree = BUILT_PRODUCTS_DIR; };
		165ADB4E2B4B71B0008A756F /* App.swift */ = {isa = PBXFileReference; lastKnownFileType = sourcecode.swift; path = App.swift; sourceTree = "<group>"; };
		165ADB502B4B71B0008A756F /* ContentView.swift */ = {isa = PBXFileReference; lastKnownFileType = sourcecode.swift; path = ContentView.swift; sourceTree = "<group>"; };
		165ADB522B4B71B2008A756F /* Assets.xcassets */ = {isa = PBXFileReference; lastKnownFileType = folder.assetcatalog; path = Assets.xcassets; sourceTree = "<group>"; };
		165ADB572B4B71B2008A756F /* Info.plist */ = {isa = PBXFileReference; lastKnownFileType = text.plist.xml; path = Info.plist; sourceTree = "<group>"; };
		166F7E422B7DBBE4005F70D5 /* 🌐AboutApp.xcstrings */ = {isa = PBXFileReference; fileEncoding = 4; lastKnownFileType = text.json.xcstrings; path = "🌐AboutApp.xcstrings"; sourceTree = "<group>"; };
		166F7E432B7DBBE5005F70D5 /* 🌐Timeline.xcstrings */ = {isa = PBXFileReference; fileEncoding = 4; lastKnownFileType = text.json.xcstrings; path = "🌐Timeline.xcstrings"; sourceTree = "<group>"; };
		166F7E472B7DBD06005F70D5 /* 🌐VersionHistory.xcstrings */ = {isa = PBXFileReference; fileEncoding = 4; lastKnownFileType = text.json.xcstrings; path = "🌐VersionHistory.xcstrings"; sourceTree = "<group>"; };
		166F7E482B7DBD08005F70D5 /* 🌐AppStoreDescription.xcstrings */ = {isa = PBXFileReference; fileEncoding = 4; lastKnownFileType = text.json.xcstrings; path = "🌐AppStoreDescription.xcstrings"; sourceTree = "<group>"; };
		167817E02B61FABE00BE0067 /* screenshot1280w.jpg */ = {isa = PBXFileReference; lastKnownFileType = image.jpeg; path = screenshot1280w.jpg; sourceTree = "<group>"; };
		167948B62BC67B6B004DFF4B /* 🛠️RequestTab.swift */ = {isa = PBXFileReference; fileEncoding = 4; lastKnownFileType = sourcecode.swift; path = "🛠️RequestTab.swift"; sourceTree = "<group>"; };
		16891ED72B7B2F8C00C6F0B3 /* 🗒️StaticInfo.swift */ = {isa = PBXFileReference; fileEncoding = 4; lastKnownFileType = sourcecode.swift; path = "🗒️StaticInfo.swift"; sourceTree = "<group>"; };
		16891ED82B7B2F8D00C6F0B3 /* ℹ️AboutApp.swift */ = {isa = PBXFileReference; fileEncoding = 4; lastKnownFileType = sourcecode.swift; path = "ℹ️AboutApp.swift"; sourceTree = "<group>"; };
		16891EDB2B7B2FB800C6F0B3 /* Developer_Publisher.xcassets */ = {isa = PBXFileReference; lastKnownFileType = folder.assetcatalog; path = Developer_Publisher.xcassets; sourceTree = "<group>"; };
		169F103D2BB94C1800BAF363 /* select.m4a */ = {isa = PBXFileReference; lastKnownFileType = file; path = select.m4a; sourceTree = "<group>"; };
		169F103E2BB94C1900BAF363 /* unselect.m4a */ = {isa = PBXFileReference; lastKnownFileType = file; path = unselect.m4a; sourceTree = "<group>"; };
		169F103F2BB94C1900BAF363 /* fix.m4a */ = {isa = PBXFileReference; lastKnownFileType = file; path = fix.m4a; sourceTree = "<group>"; };
		169F10442BB976C300BAF363 /* 🔵Selection.swift */ = {isa = PBXFileReference; lastKnownFileType = sourcecode.swift; path = "🔵Selection.swift"; sourceTree = "<group>"; };
		16B0E7D42BD4D8070069B221 /* 🛠️MeasureTab.swift */ = {isa = PBXFileReference; lastKnownFileType = sourcecode.swift; path = "🛠️MeasureTab.swift"; sourceTree = "<group>"; };
		16B1E6FD2BB5302A005972CF /* 💾Log.swift */ = {isa = PBXFileReference; lastKnownFileType = sourcecode.swift; path = "💾Log.swift"; sourceTree = "<group>"; };
		16B1E6FF2BB5600D005972CF /* 🛠️LogView.swift */ = {isa = PBXFileReference; lastKnownFileType = sourcecode.swift; path = "🛠️LogView.swift"; sourceTree = "<group>"; };
		16B1E7012BB560A5005972CF /* 🛠️OnboardView.swift */ = {isa = PBXFileReference; lastKnownFileType = sourcecode.swift; path = "🛠️OnboardView.swift"; sourceTree = "<group>"; };
		16C4C6A42BB78A06004DB77E /* 🥽AppModel.swift */ = {isa = PBXFileReference; lastKnownFileType = sourcecode.swift; path = "🥽AppModel.swift"; sourceTree = "<group>"; };
		16C4C6A62BB79F9C004DB77E /* 💾Logs.swift */ = {isa = PBXFileReference; lastKnownFileType = sourcecode.swift; path = "💾Logs.swift"; sourceTree = "<group>"; };
		16C4C6A82BB7AF0B004DB77E /* 🛠️AboutTab.swift */ = {isa = PBXFileReference; lastKnownFileType = sourcecode.swift; path = "🛠️AboutTab.swift"; sourceTree = "<group>"; };
		16C95AE62B5E7BFF00CF0FED /* 🛠️GuideTab.swift */ = {isa = PBXFileReference; lastKnownFileType = sourcecode.swift; path = "🛠️GuideTab.swift"; sourceTree = "<group>"; };
		16EA6A5E2B68629100A3A740 /* screenshot1280w3.jpg */ = {isa = PBXFileReference; lastKnownFileType = image.jpeg; path = screenshot1280w3.jpg; sourceTree = "<group>"; };
		16EA6A602B68629100A3A740 /* screenshot1280w2.jpg */ = {isa = PBXFileReference; lastKnownFileType = image.jpeg; path = screenshot1280w2.jpg; sourceTree = "<group>"; };
		16EE5E962B576B9F00D354ED /* HandToGround.md */ = {isa = PBXFileReference; lastKnownFileType = net.daringfireball.markdown; path = HandToGround.md; sourceTree = "<group>"; };
		16EE5E9A2B576DB000D354ED /* 🧩Model.swift */ = {isa = PBXFileReference; lastKnownFileType = sourcecode.swift; path = "🧩Model.swift"; sourceTree = "<group>"; };
/* End PBXFileReference section */

/* Begin PBXFrameworksBuildPhase section */
		165ADB442B4B71B0008A756F /* Frameworks */ = {
			isa = PBXFrameworksBuildPhase;
			buildActionMask = 2147483647;
			files = (
			);
			runOnlyForDeploymentPostprocessing = 0;
		};
/* End PBXFrameworksBuildPhase section */

/* Begin PBXGroup section */
		160F46BA2B5A5613001FE696 /* README assets */ = {
			isa = PBXGroup;
			children = (
				160F46BB2B5A57AF001FE696 /* icon.png */,
				160F46BC2B5A57D4001FE696 /* appstore_badge.svg */,
				167817E02B61FABE00BE0067 /* screenshot1280w.jpg */,
				16EA6A602B68629100A3A740 /* screenshot1280w2.jpg */,
				16EA6A5E2B68629100A3A740 /* screenshot1280w3.jpg */,
			);
			path = "README assets";
			sourceTree = "<group>";
		};
		16159B882BB7D24000106FD6 /* Rest */ = {
			isa = PBXGroup;
			children = (
				16253CFA2B4E2FCB0028F0E2 /* 📐Unit.swift */,
				16159B892BB7D82C00106FD6 /* 🪧ResultFormatter.swift */,
				169F10442BB976C300BAF363 /* 🔵Selection.swift */,
				16159B8B2BB7E31B00106FD6 /* 📢Sounds.swift */,
				16552D1E2BCFA3AE006C5B97 /* 🪧FixedResultComponent.swift */,
				16359E242B91D691004CC792 /* 🧑HeadTracking */,
				16C4C6AA2BB7B17C004DB77E /* 💾Log */,
			);
			path = Rest;
			sourceTree = "<group>";
		};
		16267B4E2B57D148000CA8AD /* Supporting files */ = {
			isa = PBXGroup;
			children = (
				165ADB572B4B71B2008A756F /* Info.plist */,
				166F7E462B7DBBF6005F70D5 /* Assets */,
				166F7E412B7DBBDB005F70D5 /* 🌐Localization */,
				160F46BA2B5A5613001FE696 /* README assets */,
				1638F80B2B50BC8800E0CAD2 /* Archive */,
			);
			path = "Supporting files";
			sourceTree = "<group>";
		};
		16359E232B91D67E004CC792 /* 🧩Entity */ = {
			isa = PBXGroup;
			children = (
				164C78022B5746AD008FF872 /* 🧩Entity.swift */,
				16EE5E9A2B576DB000D354ED /* 🧩Model.swift */,
			);
			path = "🧩Entity";
			sourceTree = "<group>";
		};
		16359E242B91D691004CC792 /* 🧑HeadTracking */ = {
			isa = PBXGroup;
			children = (
				16359E252B91D6AC004CC792 /* 🧑HeadTrackingComponent.swift */,
				160ED7972B4B74C5002AD987 /* 🧑HeadTrackingSystem.swift */,
			);
			path = "🧑HeadTracking";
			sourceTree = "<group>";
		};
		1638F80B2B50BC8800E0CAD2 /* Archive */ = {
			isa = PBXGroup;
			children = (
				1638F80C2B50BC9700E0CAD2 /* DebugView.md */,
				16EE5E962B576B9F00D354ED /* HandToGround.md */,
			);
			path = Archive;
			sourceTree = "<group>";
		};
		165ADB3E2B4B71B0008A756F = {
			isa = PBXGroup;
			children = (
				16267B532B57D387000CA8AD /* README.md */,
				165ADB492B4B71B0008A756F /* HandsRuler */,
				165ADB482B4B71B0008A756F /* Products */,
			);
			sourceTree = "<group>";
		};
		165ADB482B4B71B0008A756F /* Products */ = {
			isa = PBXGroup;
			children = (
				165ADB472B4B71B0008A756F /* HandsRuler.app */,
			);
			name = Products;
			sourceTree = "<group>";
		};
		165ADB492B4B71B0008A756F /* HandsRuler */ = {
			isa = PBXGroup;
			children = (
				165ADB4E2B4B71B0008A756F /* App.swift */,
				165ADB502B4B71B0008A756F /* ContentView.swift */,
				16C4C6A42BB78A06004DB77E /* 🥽AppModel.swift */,
				1642FAB82B4D6CAA0084F9ED /* 📏MeasureView.swift */,
				16359E232B91D67E004CC792 /* 🧩Entity */,
				16C95ADF2B5E74FD00CF0FED /* 🛠️Menu */,
				16159B882BB7D24000106FD6 /* Rest */,
				16267B4E2B57D148000CA8AD /* Supporting files */,
			);
			path = HandsRuler;
			sourceTree = "<group>";
		};
		166F7E412B7DBBDB005F70D5 /* 🌐Localization */ = {
			isa = PBXGroup;
			children = (
				16267B4F2B57D172000CA8AD /* Localizable.xcstrings */,
				16267B512B57D362000CA8AD /* InfoPlist.xcstrings */,
				166F7E482B7DBD08005F70D5 /* 🌐AppStoreDescription.xcstrings */,
				166F7E472B7DBD06005F70D5 /* 🌐VersionHistory.xcstrings */,
				166F7E422B7DBBE4005F70D5 /* 🌐AboutApp.xcstrings */,
				166F7E432B7DBBE5005F70D5 /* 🌐Timeline.xcstrings */,
			);
			path = "🌐Localization";
			sourceTree = "<group>";
		};
		166F7E462B7DBBF6005F70D5 /* Assets */ = {
			isa = PBXGroup;
			children = (
				165ADB522B4B71B2008A756F /* Assets.xcassets */,
				16891EDB2B7B2FB800C6F0B3 /* Developer_Publisher.xcassets */,
				169F10402BB94C2E00BAF363 /* Sound */,
			);
			path = Assets;
			sourceTree = "<group>";
		};
		169F10402BB94C2E00BAF363 /* Sound */ = {
			isa = PBXGroup;
			children = (
				169F103D2BB94C1800BAF363 /* select.m4a */,
				169F103E2BB94C1900BAF363 /* unselect.m4a */,
				169F103F2BB94C1900BAF363 /* fix.m4a */,
			);
			path = Sound;
			sourceTree = "<group>";
		};
		16B0E7D32BD4D7EA0069B221 /* 🛠️MeasureTab */ = {
			isa = PBXGroup;
			children = (
				16B0E7D42BD4D8070069B221 /* 🛠️MeasureTab.swift */,
				16B1E7012BB560A5005972CF /* 🛠️OnboardView.swift */,
				16B1E6FF2BB5600D005972CF /* 🛠️LogView.swift */,
			);
			path = "🛠️MeasureTab";
			sourceTree = "<group>";
		};
		16C4C6AA2BB7B17C004DB77E /* 💾Log */ = {
			isa = PBXGroup;
			children = (
				16B1E6FD2BB5302A005972CF /* 💾Log.swift */,
				16C4C6A62BB79F9C004DB77E /* 💾Logs.swift */,
			);
			path = "💾Log";
			sourceTree = "<group>";
		};
		16C95ADF2B5E74FD00CF0FED /* 🛠️Menu */ = {
			isa = PBXGroup;
			children = (
				1642FAB42B4D54A60084F9ED /* 🛠️OptionTab.swift */,
				16C95AE62B5E7BFF00CF0FED /* 🛠️GuideTab.swift */,
				167948B62BC67B6B004DFF4B /* 🛠️RequestTab.swift */,
				16B0E7D32BD4D7EA0069B221 /* 🛠️MeasureTab */,
				16D833122B7CB57F00409943 /* 🛠️AboutTab */,
			);
			path = "🛠️Menu";
			sourceTree = "<group>";
		};
		16D833122B7CB57F00409943 /* 🛠️AboutTab */ = {
			isa = PBXGroup;
			children = (
				16C4C6A82BB7AF0B004DB77E /* 🛠️AboutTab.swift */,
				16891ED72B7B2F8C00C6F0B3 /* 🗒️StaticInfo.swift */,
				16891ED82B7B2F8D00C6F0B3 /* ℹ️AboutApp.swift */,
			);
			path = "🛠️AboutTab";
			sourceTree = "<group>";
		};
/* End PBXGroup section */

/* Begin PBXNativeTarget section */
		165ADB462B4B71B0008A756F /* HandsRuler */ = {
			isa = PBXNativeTarget;
			buildConfigurationList = 165ADB5A2B4B71B2008A756F /* Build configuration list for PBXNativeTarget "HandsRuler" */;
			buildPhases = (
				165ADB432B4B71B0008A756F /* Sources */,
				165ADB442B4B71B0008A756F /* Frameworks */,
				165ADB452B4B71B0008A756F /* Resources */,
				166F7E4B2B7DC35C005F70D5 /* CopyFiles */,
			);
			buildRules = (
			);
			dependencies = (
			);
			name = HandsRuler;
			packageProductDependencies = (
			);
			productName = HandsWidth;
			productReference = 165ADB472B4B71B0008A756F /* HandsRuler.app */;
			productType = "com.apple.product-type.application";
		};
/* End PBXNativeTarget section */

/* Begin PBXProject section */
		165ADB3F2B4B71B0008A756F /* Project object */ = {
			isa = PBXProject;
			attributes = {
				BuildIndependentTargetsInParallel = 1;
				LastSwiftUpdateCheck = 1520;
				LastUpgradeCheck = 1530;
				TargetAttributes = {
					165ADB462B4B71B0008A756F = {
						CreatedOnToolsVersion = 15.2;
					};
				};
			};
			buildConfigurationList = 165ADB422B4B71B0008A756F /* Build configuration list for PBXProject "HandsRuler" */;
			compatibilityVersion = "Xcode 14.0";
			developmentRegion = en;
			hasScannedForEncodings = 0;
			knownRegions = (
				en,
				Base,
				ja,
			);
			mainGroup = 165ADB3E2B4B71B0008A756F;
			productRefGroup = 165ADB482B4B71B0008A756F /* Products */;
			projectDirPath = "";
			projectRoot = "";
			targets = (
				165ADB462B4B71B0008A756F /* HandsRuler */,
			);
		};
/* End PBXProject section */

/* Begin PBXResourcesBuildPhase section */
		165ADB452B4B71B0008A756F /* Resources */ = {
			isa = PBXResourcesBuildPhase;
			buildActionMask = 2147483647;
			files = (
				166F7E492B7DBD08005F70D5 /* 🌐VersionHistory.xcstrings in Resources */,
				166F7E442B7DBBE5005F70D5 /* 🌐AboutApp.xcstrings in Resources */,
				16891EDC2B7B2FB800C6F0B3 /* Developer_Publisher.xcassets in Resources */,
				16267B522B57D362000CA8AD /* InfoPlist.xcstrings in Resources */,
				166F7E4A2B7DBD08005F70D5 /* 🌐AppStoreDescription.xcstrings in Resources */,
				16267B502B57D172000CA8AD /* Localizable.xcstrings in Resources */,
				166F7E452B7DBBE5005F70D5 /* 🌐Timeline.xcstrings in Resources */,
				165ADB532B4B71B2008A756F /* Assets.xcassets in Resources */,
				169F10412BB94C3D00BAF363 /* unselect.m4a in Resources */,
				169F10422BB94C3D00BAF363 /* fix.m4a in Resources */,
				169F10432BB94C3D00BAF363 /* select.m4a in Resources */,
			);
			runOnlyForDeploymentPostprocessing = 0;
		};
/* End PBXResourcesBuildPhase section */

/* Begin PBXSourcesBuildPhase section */
		165ADB432B4B71B0008A756F /* Sources */ = {
			isa = PBXSourcesBuildPhase;
			buildActionMask = 2147483647;
			files = (
				16B1E6FE2BB5302A005972CF /* 💾Log.swift in Sources */,
				160ED7982B4B74C5002AD987 /* 🧑HeadTrackingSystem.swift in Sources */,
				16C4C6A72BB79F9C004DB77E /* 💾Logs.swift in Sources */,
				16B0E7D52BD4D8080069B221 /* 🛠️MeasureTab.swift in Sources */,
				1642FAB92B4D6CAA0084F9ED /* 📏MeasureView.swift in Sources */,
				16B1E7002BB5600D005972CF /* 🛠️LogView.swift in Sources */,
				1642FAB52B4D54A60084F9ED /* 🛠️OptionTab.swift in Sources */,
				16253CFB2B4E2FCB0028F0E2 /* 📐Unit.swift in Sources */,
				16C95AE72B5E7BFF00CF0FED /* 🛠️GuideTab.swift in Sources */,
				165ADB512B4B71B0008A756F /* ContentView.swift in Sources */,
				16EE5E9B2B576DB000D354ED /* 🧩Model.swift in Sources */,
				164C78032B5746AD008FF872 /* 🧩Entity.swift in Sources */,
				16891ED92B7B2F8D00C6F0B3 /* 🗒️StaticInfo.swift in Sources */,
				16C4C6A52BB78A06004DB77E /* 🥽AppModel.swift in Sources */,
				16891EDA2B7B2F8D00C6F0B3 /* ℹ️AboutApp.swift in Sources */,
				167948B72BC67B6C004DFF4B /* 🛠️RequestTab.swift in Sources */,
				16159B8C2BB7E31C00106FD6 /* 📢Sounds.swift in Sources */,
				169F10452BB976C300BAF363 /* 🔵Selection.swift in Sources */,
				165ADB4F2B4B71B0008A756F /* App.swift in Sources */,
				16C4C6A92BB7AF0B004DB77E /* 🛠️AboutTab.swift in Sources */,
				16359E262B91D6AC004CC792 /* 🧑HeadTrackingComponent.swift in Sources */,
				16159B8A2BB7D82C00106FD6 /* 🪧ResultFormatter.swift in Sources */,
				16552D1F2BCFA3AE006C5B97 /* 🪧FixedResultComponent.swift in Sources */,
				16B1E7022BB560A5005972CF /* 🛠️OnboardView.swift in Sources */,
			);
			runOnlyForDeploymentPostprocessing = 0;
		};
/* End PBXSourcesBuildPhase section */

/* Begin XCBuildConfiguration section */
		165ADB582B4B71B2008A756F /* Debug */ = {
			isa = XCBuildConfiguration;
			buildSettings = {
				ALWAYS_SEARCH_USER_PATHS = NO;
				ASSETCATALOG_COMPILER_GENERATE_SWIFT_ASSET_SYMBOL_EXTENSIONS = YES;
				CLANG_ANALYZER_LOCALIZABILITY_NONLOCALIZED = YES;
				CLANG_ANALYZER_NONNULL = YES;
				CLANG_ANALYZER_NUMBER_OBJECT_CONVERSION = YES_AGGRESSIVE;
				CLANG_CXX_LANGUAGE_STANDARD = "gnu++20";
				CLANG_ENABLE_MODULES = YES;
				CLANG_ENABLE_OBJC_ARC = YES;
				CLANG_ENABLE_OBJC_WEAK = YES;
				CLANG_WARN_BLOCK_CAPTURE_AUTORELEASING = YES;
				CLANG_WARN_BOOL_CONVERSION = YES;
				CLANG_WARN_COMMA = YES;
				CLANG_WARN_CONSTANT_CONVERSION = YES;
				CLANG_WARN_DEPRECATED_OBJC_IMPLEMENTATIONS = YES;
				CLANG_WARN_DIRECT_OBJC_ISA_USAGE = YES_ERROR;
				CLANG_WARN_DOCUMENTATION_COMMENTS = YES;
				CLANG_WARN_EMPTY_BODY = YES;
				CLANG_WARN_ENUM_CONVERSION = YES;
				CLANG_WARN_INFINITE_RECURSION = YES;
				CLANG_WARN_INT_CONVERSION = YES;
				CLANG_WARN_NON_LITERAL_NULL_CONVERSION = YES;
				CLANG_WARN_OBJC_IMPLICIT_RETAIN_SELF = YES;
				CLANG_WARN_OBJC_LITERAL_CONVERSION = YES;
				CLANG_WARN_OBJC_ROOT_CLASS = YES_ERROR;
				CLANG_WARN_QUOTED_INCLUDE_IN_FRAMEWORK_HEADER = YES;
				CLANG_WARN_RANGE_LOOP_ANALYSIS = YES;
				CLANG_WARN_STRICT_PROTOTYPES = YES;
				CLANG_WARN_SUSPICIOUS_MOVE = YES;
				CLANG_WARN_UNGUARDED_AVAILABILITY = YES_AGGRESSIVE;
				CLANG_WARN_UNREACHABLE_CODE = YES;
				CLANG_WARN__DUPLICATE_METHOD_MATCH = YES;
				COPY_PHASE_STRIP = NO;
				DEBUG_INFORMATION_FORMAT = dwarf;
				ENABLE_STRICT_OBJC_MSGSEND = YES;
				ENABLE_TESTABILITY = YES;
				ENABLE_USER_SCRIPT_SANDBOXING = YES;
				GCC_C_LANGUAGE_STANDARD = gnu17;
				GCC_DYNAMIC_NO_PIC = NO;
				GCC_NO_COMMON_BLOCKS = YES;
				GCC_OPTIMIZATION_LEVEL = 0;
				GCC_PREPROCESSOR_DEFINITIONS = (
					"DEBUG=1",
					"$(inherited)",
				);
				GCC_WARN_64_TO_32_BIT_CONVERSION = YES;
				GCC_WARN_ABOUT_RETURN_TYPE = YES_ERROR;
				GCC_WARN_UNDECLARED_SELECTOR = YES;
				GCC_WARN_UNINITIALIZED_AUTOS = YES_AGGRESSIVE;
				GCC_WARN_UNUSED_FUNCTION = YES;
				GCC_WARN_UNUSED_VARIABLE = YES;
				LOCALIZATION_PREFERS_STRING_CATALOGS = YES;
				MTL_ENABLE_DEBUG_INFO = INCLUDE_SOURCE;
				MTL_FAST_MATH = YES;
				ONLY_ACTIVE_ARCH = YES;
				SDKROOT = xros;
				SWIFT_ACTIVE_COMPILATION_CONDITIONS = "DEBUG $(inherited)";
				SWIFT_OPTIMIZATION_LEVEL = "-Onone";
				XROS_DEPLOYMENT_TARGET = 1.0;
			};
			name = Debug;
		};
		165ADB592B4B71B2008A756F /* Release */ = {
			isa = XCBuildConfiguration;
			buildSettings = {
				ALWAYS_SEARCH_USER_PATHS = NO;
				ASSETCATALOG_COMPILER_GENERATE_SWIFT_ASSET_SYMBOL_EXTENSIONS = YES;
				CLANG_ANALYZER_LOCALIZABILITY_NONLOCALIZED = YES;
				CLANG_ANALYZER_NONNULL = YES;
				CLANG_ANALYZER_NUMBER_OBJECT_CONVERSION = YES_AGGRESSIVE;
				CLANG_CXX_LANGUAGE_STANDARD = "gnu++20";
				CLANG_ENABLE_MODULES = YES;
				CLANG_ENABLE_OBJC_ARC = YES;
				CLANG_ENABLE_OBJC_WEAK = YES;
				CLANG_WARN_BLOCK_CAPTURE_AUTORELEASING = YES;
				CLANG_WARN_BOOL_CONVERSION = YES;
				CLANG_WARN_COMMA = YES;
				CLANG_WARN_CONSTANT_CONVERSION = YES;
				CLANG_WARN_DEPRECATED_OBJC_IMPLEMENTATIONS = YES;
				CLANG_WARN_DIRECT_OBJC_ISA_USAGE = YES_ERROR;
				CLANG_WARN_DOCUMENTATION_COMMENTS = YES;
				CLANG_WARN_EMPTY_BODY = YES;
				CLANG_WARN_ENUM_CONVERSION = YES;
				CLANG_WARN_INFINITE_RECURSION = YES;
				CLANG_WARN_INT_CONVERSION = YES;
				CLANG_WARN_NON_LITERAL_NULL_CONVERSION = YES;
				CLANG_WARN_OBJC_IMPLICIT_RETAIN_SELF = YES;
				CLANG_WARN_OBJC_LITERAL_CONVERSION = YES;
				CLANG_WARN_OBJC_ROOT_CLASS = YES_ERROR;
				CLANG_WARN_QUOTED_INCLUDE_IN_FRAMEWORK_HEADER = YES;
				CLANG_WARN_RANGE_LOOP_ANALYSIS = YES;
				CLANG_WARN_STRICT_PROTOTYPES = YES;
				CLANG_WARN_SUSPICIOUS_MOVE = YES;
				CLANG_WARN_UNGUARDED_AVAILABILITY = YES_AGGRESSIVE;
				CLANG_WARN_UNREACHABLE_CODE = YES;
				CLANG_WARN__DUPLICATE_METHOD_MATCH = YES;
				COPY_PHASE_STRIP = NO;
				DEBUG_INFORMATION_FORMAT = "dwarf-with-dsym";
				ENABLE_NS_ASSERTIONS = NO;
				ENABLE_STRICT_OBJC_MSGSEND = YES;
				ENABLE_USER_SCRIPT_SANDBOXING = YES;
				GCC_C_LANGUAGE_STANDARD = gnu17;
				GCC_NO_COMMON_BLOCKS = YES;
				GCC_WARN_64_TO_32_BIT_CONVERSION = YES;
				GCC_WARN_ABOUT_RETURN_TYPE = YES_ERROR;
				GCC_WARN_UNDECLARED_SELECTOR = YES;
				GCC_WARN_UNINITIALIZED_AUTOS = YES_AGGRESSIVE;
				GCC_WARN_UNUSED_FUNCTION = YES;
				GCC_WARN_UNUSED_VARIABLE = YES;
				LOCALIZATION_PREFERS_STRING_CATALOGS = YES;
				MTL_ENABLE_DEBUG_INFO = NO;
				MTL_FAST_MATH = YES;
				SDKROOT = xros;
				SWIFT_COMPILATION_MODE = wholemodule;
				VALIDATE_PRODUCT = YES;
				XROS_DEPLOYMENT_TARGET = 1.0;
			};
			name = Release;
		};
		165ADB5B2B4B71B2008A756F /* Debug */ = {
			isa = XCBuildConfiguration;
			buildSettings = {
				ASSETCATALOG_COMPILER_APPICON_NAME = AppIcon;
				ASSETCATALOG_COMPILER_GLOBAL_ACCENT_COLOR_NAME = AccentColor;
				CODE_SIGN_STYLE = Automatic;
				CURRENT_PROJECT_VERSION = 1;
				DEVELOPMENT_ASSET_PATHS = "";
				DEVELOPMENT_TEAM = 6696GEY228;
				ENABLE_PREVIEWS = YES;
				GENERATE_INFOPLIST_FILE = YES;
				INFOPLIST_FILE = "$(TARGET_NAME)/Supporting files/Info.plist";
				INFOPLIST_KEY_LSApplicationCategoryType = "public.app-category.utilities";
				LD_RUNPATH_SEARCH_PATHS = (
					"$(inherited)",
					"@executable_path/Frameworks",
				);
				MARKETING_VERSION = 1.1;
				PRODUCT_BUNDLE_IDENTIFIER = net.aaaakkkkssssttttnnnn.HandsWidth;
				PRODUCT_NAME = "$(TARGET_NAME)";
				SUPPORTED_PLATFORMS = "xros xrsimulator";
				SWIFT_EMIT_LOC_STRINGS = YES;
				SWIFT_VERSION = 5.0;
				TARGETED_DEVICE_FAMILY = "1,2,7";
			};
			name = Debug;
		};
		165ADB5C2B4B71B2008A756F /* Release */ = {
			isa = XCBuildConfiguration;
			buildSettings = {
				ASSETCATALOG_COMPILER_APPICON_NAME = AppIcon;
				ASSETCATALOG_COMPILER_GLOBAL_ACCENT_COLOR_NAME = AccentColor;
				CODE_SIGN_STYLE = Automatic;
				CURRENT_PROJECT_VERSION = 1;
				DEVELOPMENT_ASSET_PATHS = "";
				DEVELOPMENT_TEAM = 6696GEY228;
				ENABLE_PREVIEWS = YES;
				GENERATE_INFOPLIST_FILE = YES;
				INFOPLIST_FILE = "$(TARGET_NAME)/Supporting files/Info.plist";
				INFOPLIST_KEY_LSApplicationCategoryType = "public.app-category.utilities";
				LD_RUNPATH_SEARCH_PATHS = (
					"$(inherited)",
					"@executable_path/Frameworks",
				);
				MARKETING_VERSION = 1.1;
				PRODUCT_BUNDLE_IDENTIFIER = net.aaaakkkkssssttttnnnn.HandsWidth;
				PRODUCT_NAME = "$(TARGET_NAME)";
				SUPPORTED_PLATFORMS = "xros xrsimulator";
				SWIFT_EMIT_LOC_STRINGS = YES;
				SWIFT_VERSION = 5.0;
				TARGETED_DEVICE_FAMILY = "1,2,7";
			};
			name = Release;
		};
/* End XCBuildConfiguration section */

/* Begin XCConfigurationList section */
		165ADB422B4B71B0008A756F /* Build configuration list for PBXProject "HandsRuler" */ = {
			isa = XCConfigurationList;
			buildConfigurations = (
				165ADB582B4B71B2008A756F /* Debug */,
				165ADB592B4B71B2008A756F /* Release */,
			);
			defaultConfigurationIsVisible = 0;
			defaultConfigurationName = Release;
		};
		165ADB5A2B4B71B2008A756F /* Build configuration list for PBXNativeTarget "HandsRuler" */ = {
			isa = XCConfigurationList;
			buildConfigurations = (
				165ADB5B2B4B71B2008A756F /* Debug */,
				165ADB5C2B4B71B2008A756F /* Release */,
			);
			defaultConfigurationIsVisible = 0;
			defaultConfigurationName = Release;
		};
/* End XCConfigurationList section */
	};
	rootObject = 165ADB3F2B4B71B0008A756F /* Project object */;
}
